
Microsoft Visual Studio Solution File, Format Version 12.00
# Visual Studio Version 16
VisualStudioVersion = 16.0.30804.86
MinimumVisualStudioVersion = 10.0.40219.1
Project("{FAE04EC0-301F-11D3-BF4B-00C04F79EFBC}") = "OnlineStore", "OnlineStore\OnlineStore.csproj", "{2E305A0F-94CA-403F-BDDF-810CF20FA7CF}"
EndProject
Project("{FAE04EC0-301F-11D3-BF4B-00C04F79EFBC}") = "XUnitTestOnlineStore", "XUnitTestOnlineStore\XUnitTestOnlineStore.csproj", "{E1DC73D1-A39D-4AFA-B674-2F3D416F3716}"
EndProject
Global
	GlobalSection(SolutionConfigurationPlatforms) = preSolution
		Debug|Any CPU = Debug|Any CPU
		Release|Any CPU = Release|Any CPU
	EndGlobalSection
	GlobalSection(ProjectConfigurationPlatforms) = postSolution
		{2E305A0F-94CA-403F-BDDF-810CF20FA7CF}.Debug|Any CPU.ActiveCfg = Debug|Any CPU
		{2E305A0F-94CA-403F-BDDF-810CF20FA7CF}.Debug|Any CPU.Build.0 = Debug|Any CPU
		{2E305A0F-94CA-403F-BDDF-810CF20FA7CF}.Release|Any CPU.ActiveCfg = Release|Any CPU
		{2E305A0F-94CA-403F-BDDF-810CF20FA7CF}.Release|Any CPU.Build.0 = Release|Any CPU
		{E1DC73D1-A39D-4AFA-B674-2F3D416F3716}.Debug|Any CPU.ActiveCfg = Debug|Any CPU
		{E1DC73D1-A39D-4AFA-B674-2F3D416F3716}.Debug|Any CPU.Build.0 = Debug|Any CPU
		{E1DC73D1-A39D-4AFA-B674-2F3D416F3716}.Release|Any CPU.ActiveCfg = Release|Any CPU
		{E1DC73D1-A39D-4AFA-B674-2F3D416F3716}.Release|Any CPU.Build.0 = Release|Any CPU
	EndGlobalSection
	GlobalSection(SolutionProperties) = preSolution
		HideSolutionNode = FALSE
	EndGlobalSection
	GlobalSection(ExtensibilityGlobals) = postSolution
		SolutionGuid = {CE90DA59-0246-4C4C-A56C-BE8162FD3B01}
	EndGlobalSection
EndGlobal
